
Microsoft Visual Studio Solution File, Format Version 12.00
# Visual Studio 15
VisualStudioVersion = 15.0.28307.271
MinimumVisualStudioVersion = 10.0.40219.1
Project("{FAE04EC0-301F-11D3-BF4B-00C04F79EFBC}") = "TODO.Data", "TODO.Data\TODO.Data.csproj", "{9E9E894E-9887-468B-A1FD-6BD31E481B0A}"
EndProject
Project("{FAE04EC0-301F-11D3-BF4B-00C04F79EFBC}") = "TODO.Web", "TODO.Web\TODO.Web.csproj", "{75BC7DA1-90C8-4226-9F16-80AD917FFFB6}"
EndProject
Global
	GlobalSection(SolutionConfigurationPlatforms) = preSolution
		Debug|Any CPU = Debug|Any CPU
		Release|Any CPU = Release|Any CPU
	EndGlobalSection
	GlobalSection(ProjectConfigurationPlatforms) = postSolution
		{9E9E894E-9887-468B-A1FD-6BD31E481B0A}.Debug|Any CPU.ActiveCfg = Debug|Any CPU
		{9E9E894E-9887-468B-A1FD-6BD31E481B0A}.Debug|Any CPU.Build.0 = Debug|Any CPU
		{9E9E894E-9887-468B-A1FD-6BD31E481B0A}.Release|Any CPU.ActiveCfg = Release|Any CPU
		{9E9E894E-9887-468B-A1FD-6BD31E481B0A}.Release|Any CPU.Build.0 = Release|Any CPU
		{75BC7DA1-90C8-4226-9F16-80AD917FFFB6}.Debug|Any CPU.ActiveCfg = Debug|Any CPU
		{75BC7DA1-90C8-4226-9F16-80AD917FFFB6}.Debug|Any CPU.Build.0 = Debug|Any CPU
		{75BC7DA1-90C8-4226-9F16-80AD917FFFB6}.Release|Any CPU.ActiveCfg = Release|Any CPU
		{75BC7DA1-90C8-4226-9F16-80AD917FFFB6}.Release|Any CPU.Build.0 = Release|Any CPU
	EndGlobalSection
	GlobalSection(SolutionProperties) = preSolution
		HideSolutionNode = FALSE
	EndGlobalSection
	GlobalSection(ExtensibilityGlobals) = postSolution
		SolutionGuid = {435541B7-2DF2-4957-91FF-0C1D8DAC4147}
	EndGlobalSection
EndGlobal
